
Microsoft Visual Studio Solution File, Format Version 12.00
# Visual Studio Version 16
VisualStudioVersion = 16.0.29215.179
MinimumVisualStudioVersion = 10.0.40219.1
Project("{FAE04EC0-301F-11D3-BF4B-00C04F79EFBC}") = "OOP_lab5(currency_console)", "OOP_lab5(currency_console)\OOP_lab5(currency_console).csproj", "{C7DE4897-97BE-42A4-99C4-4589EFB30626}"
EndProject
Global
	GlobalSection(SolutionConfigurationPlatforms) = preSolution
		Debug|Any CPU = Debug|Any CPU
		Release|Any CPU = Release|Any CPU
	EndGlobalSection
	GlobalSection(ProjectConfigurationPlatforms) = postSolution
		{C7DE4897-97BE-42A4-99C4-4589EFB30626}.Debug|Any CPU.ActiveCfg = Debug|Any CPU
		{C7DE4897-97BE-42A4-99C4-4589EFB30626}.Debug|Any CPU.Build.0 = Debug|Any CPU
		{C7DE4897-97BE-42A4-99C4-4589EFB30626}.Release|Any CPU.ActiveCfg = Release|Any CPU
		{C7DE4897-97BE-42A4-99C4-4589EFB30626}.Release|Any CPU.Build.0 = Release|Any CPU
	EndGlobalSection
	GlobalSection(SolutionProperties) = preSolution
		HideSolutionNode = FALSE
	EndGlobalSection
	GlobalSection(ExtensibilityGlobals) = postSolution
		SolutionGuid = {381421C3-126F-46CF-8B99-83BA03723A92}
	EndGlobalSection
EndGlobal
